// !$*UTF8*$!
{
	archiveVersion = 1;
	classes = {
	};
	objectVersion = 55;
	objects = {

/* Begin PBXBuildFile section */
		F54F52062746453E003E24D4 /* User.swift in Sources */ = {isa = PBXBuildFile; fileRef = F54F52052746453E003E24D4 /* User.swift */; };
		F58A844227448F1C0062420A /* AppetizersApp.swift in Sources */ = {isa = PBXBuildFile; fileRef = F58A844127448F1C0062420A /* AppetizersApp.swift */; };
		F58A844427448F1C0062420A /* AppetizerTabView.swift in Sources */ = {isa = PBXBuildFile; fileRef = F58A844327448F1C0062420A /* AppetizerTabView.swift */; };
		F58A844627448F1E0062420A /* Assets.xcassets in Resources */ = {isa = PBXBuildFile; fileRef = F58A844527448F1E0062420A /* Assets.xcassets */; };
		F58A844927448F1E0062420A /* Preview Assets.xcassets in Resources */ = {isa = PBXBuildFile; fileRef = F58A844827448F1E0062420A /* Preview Assets.xcassets */; };
		F58A8450274490810062420A /* AppetizerListView.swift in Sources */ = {isa = PBXBuildFile; fileRef = F58A844F274490810062420A /* AppetizerListView.swift */; };
		F58A8452274490910062420A /* AccountView.swift in Sources */ = {isa = PBXBuildFile; fileRef = F58A8451274490900062420A /* AccountView.swift */; };
		F58A84542744909E0062420A /* OrderView.swift in Sources */ = {isa = PBXBuildFile; fileRef = F58A84532744909E0062420A /* OrderView.swift */; };
		F58A8456274497350062420A /* Appetizer.swift in Sources */ = {isa = PBXBuildFile; fileRef = F58A8455274497350062420A /* Appetizer.swift */; };
		F58A84582744A49C0062420A /* AppetizerListCell.swift in Sources */ = {isa = PBXBuildFile; fileRef = F58A84572744A49C0062420A /* AppetizerListCell.swift */; };
		F58A845A2744A7C00062420A /* NetworkManager.swift in Sources */ = {isa = PBXBuildFile; fileRef = F58A84592744A7C00062420A /* NetworkManager.swift */; };
		F58A845C2744A9B70062420A /* APError.swift in Sources */ = {isa = PBXBuildFile; fileRef = F58A845B2744A9B70062420A /* APError.swift */; };
		F58A845E2744BB740062420A /* AppetizersViewModel.swift in Sources */ = {isa = PBXBuildFile; fileRef = F58A845D2744BB740062420A /* AppetizersViewModel.swift */; };
		F58A84602744C1ED0062420A /* Alert.swift in Sources */ = {isa = PBXBuildFile; fileRef = F58A845F2744C1ED0062420A /* Alert.swift */; };
		F58A84642744E0080062420A /* LoadingView.swift in Sources */ = {isa = PBXBuildFile; fileRef = F58A84632744E0080062420A /* LoadingView.swift */; };
		F58A84662744E19B0062420A /* Color + EXT.swift in Sources */ = {isa = PBXBuildFile; fileRef = F58A84652744E19B0062420A /* Color + EXT.swift */; };
		F58A84682744EB070062420A /* RemoteImage.swift in Sources */ = {isa = PBXBuildFile; fileRef = F58A84672744EB070062420A /* RemoteImage.swift */; };
		F5EC9ED92745B81C00EFF649 /* AppetizerDetailView.swift in Sources */ = {isa = PBXBuildFile; fileRef = F5EC9ED82745B81C00EFF649 /* AppetizerDetailView.swift */; };
		F5EC9EDC2745B89A00EFF649 /* AddToTheCartButton.swift in Sources */ = {isa = PBXBuildFile; fileRef = F5EC9EDB2745B89A00EFF649 /* AddToTheCartButton.swift */; };
		F5EC9EDE2745D62500EFF649 /* XDismissButton.swift in Sources */ = {isa = PBXBuildFile; fileRef = F5EC9EDD2745D62500EFF649 /* XDismissButton.swift */; };
		F5EC9EE02745E60B00EFF649 /* AccoountViewModel.swift in Sources */ = {isa = PBXBuildFile; fileRef = F5EC9EDF2745E60B00EFF649 /* AccoountViewModel.swift */; };
		F5EC9EE22745EAB100EFF649 /* String + EXT.swift in Sources */ = {isa = PBXBuildFile; fileRef = F5EC9EE12745EAB100EFF649 /* String + EXT.swift */; };
/* End PBXBuildFile section */

/* Begin PBXFileReference section */
		F54F52052746453E003E24D4 /* User.swift */ = {isa = PBXFileReference; lastKnownFileType = sourcecode.swift; path = User.swift; sourceTree = "<group>"; };
		F58A843E27448F1C0062420A /* Appetizers.app */ = {isa = PBXFileReference; explicitFileType = wrapper.application; includeInIndex = 0; path = Appetizers.app; sourceTree = BUILT_PRODUCTS_DIR; };
		F58A844127448F1C0062420A /* AppetizersApp.swift */ = {isa = PBXFileReference; lastKnownFileType = sourcecode.swift; path = AppetizersApp.swift; sourceTree = "<group>"; };
		F58A844327448F1C0062420A /* AppetizerTabView.swift */ = {isa = PBXFileReference; lastKnownFileType = sourcecode.swift; path = AppetizerTabView.swift; sourceTree = "<group>"; };
		F58A844527448F1E0062420A /* Assets.xcassets */ = {isa = PBXFileReference; lastKnownFileType = folder.assetcatalog; path = Assets.xcassets; sourceTree = "<group>"; };
		F58A844827448F1E0062420A /* Preview Assets.xcassets */ = {isa = PBXFileReference; lastKnownFileType = folder.assetcatalog; path = "Preview Assets.xcassets"; sourceTree = "<group>"; };
		F58A844F274490810062420A /* AppetizerListView.swift */ = {isa = PBXFileReference; lastKnownFileType = sourcecode.swift; path = AppetizerListView.swift; sourceTree = "<group>"; };
		F58A8451274490900062420A /* AccountView.swift */ = {isa = PBXFileReference; lastKnownFileType = sourcecode.swift; path = AccountView.swift; sourceTree = "<group>"; };
		F58A84532744909E0062420A /* OrderView.swift */ = {isa = PBXFileReference; lastKnownFileType = sourcecode.swift; path = OrderView.swift; sourceTree = "<group>"; };
		F58A8455274497350062420A /* Appetizer.swift */ = {isa = PBXFileReference; lastKnownFileType = sourcecode.swift; path = Appetizer.swift; sourceTree = "<group>"; };
		F58A84572744A49C0062420A /* AppetizerListCell.swift */ = {isa = PBXFileReference; lastKnownFileType = sourcecode.swift; path = AppetizerListCell.swift; sourceTree = "<group>"; };
		F58A84592744A7C00062420A /* NetworkManager.swift */ = {isa = PBXFileReference; lastKnownFileType = sourcecode.swift; path = NetworkManager.swift; sourceTree = "<group>"; };
		F58A845B2744A9B70062420A /* APError.swift */ = {isa = PBXFileReference; lastKnownFileType = sourcecode.swift; path = APError.swift; sourceTree = "<group>"; };
		F58A845D2744BB740062420A /* AppetizersViewModel.swift */ = {isa = PBXFileReference; lastKnownFileType = sourcecode.swift; path = AppetizersViewModel.swift; sourceTree = "<group>"; };
		F58A845F2744C1ED0062420A /* Alert.swift */ = {isa = PBXFileReference; lastKnownFileType = sourcecode.swift; path = Alert.swift; sourceTree = "<group>"; };
		F58A84632744E0080062420A /* LoadingView.swift */ = {isa = PBXFileReference; lastKnownFileType = sourcecode.swift; path = LoadingView.swift; sourceTree = "<group>"; };
		F58A84652744E19B0062420A /* Color + EXT.swift */ = {isa = PBXFileReference; lastKnownFileType = sourcecode.swift; path = "Color + EXT.swift"; sourceTree = "<group>"; };
		F58A84672744EB070062420A /* RemoteImage.swift */ = {isa = PBXFileReference; lastKnownFileType = sourcecode.swift; path = RemoteImage.swift; sourceTree = "<group>"; };
		F5EC9ED82745B81C00EFF649 /* AppetizerDetailView.swift */ = {isa = PBXFileReference; lastKnownFileType = sourcecode.swift; path = AppetizerDetailView.swift; sourceTree = "<group>"; };
		F5EC9EDB2745B89A00EFF649 /* AddToTheCartButton.swift */ = {isa = PBXFileReference; lastKnownFileType = sourcecode.swift; path = AddToTheCartButton.swift; sourceTree = "<group>"; };
		F5EC9EDD2745D62500EFF649 /* XDismissButton.swift */ = {isa = PBXFileReference; lastKnownFileType = sourcecode.swift; path = XDismissButton.swift; sourceTree = "<group>"; };
		F5EC9EDF2745E60B00EFF649 /* AccoountViewModel.swift */ = {isa = PBXFileReference; lastKnownFileType = sourcecode.swift; path = AccoountViewModel.swift; sourceTree = "<group>"; };
		F5EC9EE12745EAB100EFF649 /* String + EXT.swift */ = {isa = PBXFileReference; lastKnownFileType = sourcecode.swift; path = "String + EXT.swift"; sourceTree = "<group>"; };
/* End PBXFileReference section */

/* Begin PBXFrameworksBuildPhase section */
		F58A843B27448F1C0062420A /* Frameworks */ = {
			isa = PBXFrameworksBuildPhase;
			buildActionMask = 2147483647;
			files = (
			);
			runOnlyForDeploymentPostprocessing = 0;
		};
/* End PBXFrameworksBuildPhase section */

/* Begin PBXGroup section */
		F58A843527448F1C0062420A = {
			isa = PBXGroup;
			children = (
				F58A844027448F1C0062420A /* Appetizers */,
				F58A843F27448F1C0062420A /* Products */,
			);
			sourceTree = "<group>";
		};
		F58A843F27448F1C0062420A /* Products */ = {
			isa = PBXGroup;
			children = (
				F58A843E27448F1C0062420A /* Appetizers.app */,
			);
			name = Products;
			sourceTree = "<group>";
		};
		F58A844027448F1C0062420A /* Appetizers */ = {
			isa = PBXGroup;
			children = (
				F58A84732744FA510062420A /* Model */,
				F58A846F2744F9F10062420A /* Utillities */,
				F58A84742744FA740062420A /* Views */,
				F58A84692744F9530062420A /* Screens */,
				F58A844127448F1C0062420A /* AppetizersApp.swift */,
				F58A844527448F1E0062420A /* Assets.xcassets */,
				F58A844727448F1E0062420A /* Preview Content */,
			);
			path = Appetizers;
			sourceTree = "<group>";
		};
		F58A844727448F1E0062420A /* Preview Content */ = {
			isa = PBXGroup;
			children = (
				F58A844827448F1E0062420A /* Preview Assets.xcassets */,
			);
			path = "Preview Content";
			sourceTree = "<group>";
		};
		F58A84692744F9530062420A /* Screens */ = {
			isa = PBXGroup;
			children = (
				F5EC9ED72745252900EFF649 /* AppetizerDetailView */,
				F58A844327448F1C0062420A /* AppetizerTabView.swift */,
				F58A846B2744F97A0062420A /* AppetizerListView */,
				F58A846C2744F9870062420A /* AccountView */,
				F58A846E2744F9B20062420A /* OrderView */,
			);
			path = Screens;
			sourceTree = "<group>";
		};
		F58A846B2744F97A0062420A /* AppetizerListView */ = {
			isa = PBXGroup;
			children = (
				F58A845D2744BB740062420A /* AppetizersViewModel.swift */,
				F58A844F274490810062420A /* AppetizerListView.swift */,
			);
			path = AppetizerListView;
			sourceTree = "<group>";
		};
		F58A846C2744F9870062420A /* AccountView */ = {
			isa = PBXGroup;
			children = (
				F5EC9EDF2745E60B00EFF649 /* AccoountViewModel.swift */,
				F58A8451274490900062420A /* AccountView.swift */,
			);
			path = AccountView;
			sourceTree = "<group>";
		};
		F58A846E2744F9B20062420A /* OrderView */ = {
			isa = PBXGroup;
			children = (
				F58A84532744909E0062420A /* OrderView.swift */,
			);
			path = OrderView;
			sourceTree = "<group>";
		};
		F58A846F2744F9F10062420A /* Utillities */ = {
			isa = PBXGroup;
			children = (
				F58A84722744FA2F0062420A /* Alert */,
				F58A84712744FA0B0062420A /* Extensions */,
				F58A84702744F9FC0062420A /* Managers */,
			);
			path = Utillities;
			sourceTree = "<group>";
		};
		F58A84702744F9FC0062420A /* Managers */ = {
			isa = PBXGroup;
			children = (
				F58A84592744A7C00062420A /* NetworkManager.swift */,
			);
			path = Managers;
			sourceTree = "<group>";
		};
		F58A84712744FA0B0062420A /* Extensions */ = {
			isa = PBXGroup;
			children = (
				F58A84652744E19B0062420A /* Color + EXT.swift */,
				F5EC9EE12745EAB100EFF649 /* String + EXT.swift */,
			);
			path = Extensions;
			sourceTree = "<group>";
		};
		F58A84722744FA2F0062420A /* Alert */ = {
			isa = PBXGroup;
			children = (
				F58A845B2744A9B70062420A /* APError.swift */,
				F58A845F2744C1ED0062420A /* Alert.swift */,
			);
			path = Alert;
			sourceTree = "<group>";
		};
		F58A84732744FA510062420A /* Model */ = {
			isa = PBXGroup;
			children = (
				F58A8455274497350062420A /* Appetizer.swift */,
				F54F52052746453E003E24D4 /* User.swift */,
			);
			path = Model;
			sourceTree = "<group>";
		};
		F58A84742744FA740062420A /* Views */ = {
			isa = PBXGroup;
			children = (
				F5EC9EDA2745B88100EFF649 /* Button */,
				F58A84772744FA8D0062420A /* Image */,
				F58A84762744FA840062420A /* Cells */,
				F58A84752744FA7A0062420A /* UIKit Components */,
			);
			path = Views;
			sourceTree = "<group>";
		};
		F58A84752744FA7A0062420A /* UIKit Components */ = {
			isa = PBXGroup;
			children = (
				F58A84632744E0080062420A /* LoadingView.swift */,
			);
			path = "UIKit Components";
			sourceTree = "<group>";
		};
		F58A84762744FA840062420A /* Cells */ = {
			isa = PBXGroup;
			children = (
				F58A84572744A49C0062420A /* AppetizerListCell.swift */,
			);
			path = Cells;
			sourceTree = "<group>";
		};
		F58A84772744FA8D0062420A /* Image */ = {
			isa = PBXGroup;
			children = (
				F58A84672744EB070062420A /* RemoteImage.swift */,
			);
			path = Image;
			sourceTree = "<group>";
		};
		F5EC9ED72745252900EFF649 /* AppetizerDetailView */ = {
			isa = PBXGroup;
			children = (
				F5EC9ED82745B81C00EFF649 /* AppetizerDetailView.swift */,
			);
			path = AppetizerDetailView;
			sourceTree = "<group>";
		};
		F5EC9EDA2745B88100EFF649 /* Button */ = {
			isa = PBXGroup;
			children = (
				F5EC9EDB2745B89A00EFF649 /* AddToTheCartButton.swift */,
				F5EC9EDD2745D62500EFF649 /* XDismissButton.swift */,
			);
			path = Button;
			sourceTree = "<group>";
		};
/* End PBXGroup section */

/* Begin PBXNativeTarget section */
		F58A843D27448F1C0062420A /* Appetizers */ = {
			isa = PBXNativeTarget;
			buildConfigurationList = F58A844C27448F1E0062420A /* Build configuration list for PBXNativeTarget "Appetizers" */;
			buildPhases = (
				F58A843A27448F1C0062420A /* Sources */,
				F58A843B27448F1C0062420A /* Frameworks */,
				F58A843C27448F1C0062420A /* Resources */,
			);
			buildRules = (
			);
			dependencies = (
			);
			name = Appetizers;
			productName = Appetizers;
			productReference = F58A843E27448F1C0062420A /* Appetizers.app */;
			productType = "com.apple.product-type.application";
		};
/* End PBXNativeTarget section */

/* Begin PBXProject section */
		F58A843627448F1C0062420A /* Project object */ = {
			isa = PBXProject;
			attributes = {
				BuildIndependentTargetsInParallel = 1;
				LastSwiftUpdateCheck = 1310;
				LastUpgradeCheck = 1310;
				TargetAttributes = {
					F58A843D27448F1C0062420A = {
						CreatedOnToolsVersion = 13.1;
					};
				};
			};
			buildConfigurationList = F58A843927448F1C0062420A /* Build configuration list for PBXProject "Appetizers" */;
			compatibilityVersion = "Xcode 13.0";
			developmentRegion = en;
			hasScannedForEncodings = 0;
			knownRegions = (
				en,
				Base,
			);
			mainGroup = F58A843527448F1C0062420A;
			productRefGroup = F58A843F27448F1C0062420A /* Products */;
			projectDirPath = "";
			projectRoot = "";
			targets = (
				F58A843D27448F1C0062420A /* Appetizers */,
			);
		};
/* End PBXProject section */

/* Begin PBXResourcesBuildPhase section */
		F58A843C27448F1C0062420A /* Resources */ = {
			isa = PBXResourcesBuildPhase;
			buildActionMask = 2147483647;
			files = (
				F58A844927448F1E0062420A /* Preview Assets.xcassets in Resources */,
				F58A844627448F1E0062420A /* Assets.xcassets in Resources */,
			);
			runOnlyForDeploymentPostprocessing = 0;
		};
/* End PBXResourcesBuildPhase section */

/* Begin PBXSourcesBuildPhase section */
		F58A843A27448F1C0062420A /* Sources */ = {
			isa = PBXSourcesBuildPhase;
			buildActionMask = 2147483647;
			files = (
				F58A8456274497350062420A /* Appetizer.swift in Sources */,
				F58A84662744E19B0062420A /* Color + EXT.swift in Sources */,
				F5EC9EDE2745D62500EFF649 /* XDismissButton.swift in Sources */,
				F58A845C2744A9B70062420A /* APError.swift in Sources */,
				F58A84582744A49C0062420A /* AppetizerListCell.swift in Sources */,
				F58A8452274490910062420A /* AccountView.swift in Sources */,
				F5EC9EE22745EAB100EFF649 /* String + EXT.swift in Sources */,
				F58A844427448F1C0062420A /* AppetizerTabView.swift in Sources */,
				F54F52062746453E003E24D4 /* User.swift in Sources */,
				F5EC9EDC2745B89A00EFF649 /* AddToTheCartButton.swift in Sources */,
				F5EC9EE02745E60B00EFF649 /* AccoountViewModel.swift in Sources */,
				F58A84642744E0080062420A /* LoadingView.swift in Sources */,
				F58A845A2744A7C00062420A /* NetworkManager.swift in Sources */,
				F58A844227448F1C0062420A /* AppetizersApp.swift in Sources */,
				F58A84682744EB070062420A /* RemoteImage.swift in Sources */,
				F5EC9ED92745B81C00EFF649 /* AppetizerDetailView.swift in Sources */,
				F58A8450274490810062420A /* AppetizerListView.swift in Sources */,
				F58A84602744C1ED0062420A /* Alert.swift in Sources */,
				F58A84542744909E0062420A /* OrderView.swift in Sources */,
				F58A845E2744BB740062420A /* AppetizersViewModel.swift in Sources */,
			);
			runOnlyForDeploymentPostprocessing = 0;
		};
/* End PBXSourcesBuildPhase section */

/* Begin XCBuildConfiguration section */
		F58A844A27448F1E0062420A /* Debug */ = {
			isa = XCBuildConfiguration;
			buildSettings = {
				ALWAYS_SEARCH_USER_PATHS = NO;
				CLANG_ANALYZER_NONNULL = YES;
				CLANG_ANALYZER_NUMBER_OBJECT_CONVERSION = YES_AGGRESSIVE;
				CLANG_CXX_LANGUAGE_STANDARD = "gnu++17";
				CLANG_CXX_LIBRARY = "libc++";
				CLANG_ENABLE_MODULES = YES;
				CLANG_ENABLE_OBJC_ARC = YES;
				CLANG_ENABLE_OBJC_WEAK = YES;
				CLANG_WARN_BLOCK_CAPTURE_AUTORELEASING = YES;
				CLANG_WARN_BOOL_CONVERSION = YES;
				CLANG_WARN_COMMA = YES;
				CLANG_WARN_CONSTANT_CONVERSION = YES;
				CLANG_WARN_DEPRECATED_OBJC_IMPLEMENTATIONS = YES;
				CLANG_WARN_DIRECT_OBJC_ISA_USAGE = YES_ERROR;
				CLANG_WARN_DOCUMENTATION_COMMENTS = YES;
				CLANG_WARN_EMPTY_BODY = YES;
				CLANG_WARN_ENUM_CONVERSION = YES;
				CLANG_WARN_INFINITE_RECURSION = YES;
				CLANG_WARN_INT_CONVERSION = YES;
				CLANG_WARN_NON_LITERAL_NULL_CONVERSION = YES;
				CLANG_WARN_OBJC_IMPLICIT_RETAIN_SELF = YES;
				CLANG_WARN_OBJC_LITERAL_CONVERSION = YES;
				CLANG_WARN_OBJC_ROOT_CLASS = YES_ERROR;
				CLANG_WARN_QUOTED_INCLUDE_IN_FRAMEWORK_HEADER = YES;
				CLANG_WARN_RANGE_LOOP_ANALYSIS = YES;
				CLANG_WARN_STRICT_PROTOTYPES = YES;
				CLANG_WARN_SUSPICIOUS_MOVE = YES;
				CLANG_WARN_UNGUARDED_AVAILABILITY = YES_AGGRESSIVE;
				CLANG_WARN_UNREACHABLE_CODE = YES;
				CLANG_WARN__DUPLICATE_METHOD_MATCH = YES;
				COPY_PHASE_STRIP = NO;
				DEBUG_INFORMATION_FORMAT = dwarf;
				ENABLE_STRICT_OBJC_MSGSEND = YES;
				ENABLE_TESTABILITY = YES;
				GCC_C_LANGUAGE_STANDARD = gnu11;
				GCC_DYNAMIC_NO_PIC = NO;
				GCC_NO_COMMON_BLOCKS = YES;
				GCC_OPTIMIZATION_LEVEL = 0;
				GCC_PREPROCESSOR_DEFINITIONS = (
					"DEBUG=1",
					"$(inherited)",
				);
				GCC_WARN_64_TO_32_BIT_CONVERSION = YES;
				GCC_WARN_ABOUT_RETURN_TYPE = YES_ERROR;
				GCC_WARN_UNDECLARED_SELECTOR = YES;
				GCC_WARN_UNINITIALIZED_AUTOS = YES_AGGRESSIVE;
				GCC_WARN_UNUSED_FUNCTION = YES;
				GCC_WARN_UNUSED_VARIABLE = YES;
				IPHONEOS_DEPLOYMENT_TARGET = 15.0;
				MTL_ENABLE_DEBUG_INFO = INCLUDE_SOURCE;
				MTL_FAST_MATH = YES;
				ONLY_ACTIVE_ARCH = YES;
				SDKROOT = iphoneos;
				SWIFT_ACTIVE_COMPILATION_CONDITIONS = DEBUG;
				SWIFT_OPTIMIZATION_LEVEL = "-Onone";
			};
			name = Debug;
		};
		F58A844B27448F1E0062420A /* Release */ = {
			isa = XCBuildConfiguration;
			buildSettings = {
				ALWAYS_SEARCH_USER_PATHS = NO;
				CLANG_ANALYZER_NONNULL = YES;
				CLANG_ANALYZER_NUMBER_OBJECT_CONVERSION = YES_AGGRESSIVE;
				CLANG_CXX_LANGUAGE_STANDARD = "gnu++17";
				CLANG_CXX_LIBRARY = "libc++";
				CLANG_ENABLE_MODULES = YES;
				CLANG_ENABLE_OBJC_ARC = YES;
				CLANG_ENABLE_OBJC_WEAK = YES;
				CLANG_WARN_BLOCK_CAPTURE_AUTORELEASING = YES;
				CLANG_WARN_BOOL_CONVERSION = YES;
				CLANG_WARN_COMMA = YES;
				CLANG_WARN_CONSTANT_CONVERSION = YES;
				CLANG_WARN_DEPRECATED_OBJC_IMPLEMENTATIONS = YES;
				CLANG_WARN_DIRECT_OBJC_ISA_USAGE = YES_ERROR;
				CLANG_WARN_DOCUMENTATION_COMMENTS = YES;
				CLANG_WARN_EMPTY_BODY = YES;
				CLANG_WARN_ENUM_CONVERSION = YES;
				CLANG_WARN_INFINITE_RECURSION = YES;
				CLANG_WARN_INT_CONVERSION = YES;
				CLANG_WARN_NON_LITERAL_NULL_CONVERSION = YES;
				CLANG_WARN_OBJC_IMPLICIT_RETAIN_SELF = YES;
				CLANG_WARN_OBJC_LITERAL_CONVERSION = YES;
				CLANG_WARN_OBJC_ROOT_CLASS = YES_ERROR;
				CLANG_WARN_QUOTED_INCLUDE_IN_FRAMEWORK_HEADER = YES;
				CLANG_WARN_RANGE_LOOP_ANALYSIS = YES;
				CLANG_WARN_STRICT_PROTOTYPES = YES;
				CLANG_WARN_SUSPICIOUS_MOVE = YES;
				CLANG_WARN_UNGUARDED_AVAILABILITY = YES_AGGRESSIVE;
				CLANG_WARN_UNREACHABLE_CODE = YES;
				CLANG_WARN__DUPLICATE_METHOD_MATCH = YES;
				COPY_PHASE_STRIP = NO;
				DEBUG_INFORMATION_FORMAT = "dwarf-with-dsym";
				ENABLE_NS_ASSERTIONS = NO;
				ENABLE_STRICT_OBJC_MSGSEND = YES;
				GCC_C_LANGUAGE_STANDARD = gnu11;
				GCC_NO_COMMON_BLOCKS = YES;
				GCC_WARN_64_TO_32_BIT_CONVERSION = YES;
				GCC_WARN_ABOUT_RETURN_TYPE = YES_ERROR;
				GCC_WARN_UNDECLARED_SELECTOR = YES;
				GCC_WARN_UNINITIALIZED_AUTOS = YES_AGGRESSIVE;
				GCC_WARN_UNUSED_FUNCTION = YES;
				GCC_WARN_UNUSED_VARIABLE = YES;
				IPHONEOS_DEPLOYMENT_TARGET = 15.0;
				MTL_ENABLE_DEBUG_INFO = NO;
				MTL_FAST_MATH = YES;
				SDKROOT = iphoneos;
				SWIFT_COMPILATION_MODE = wholemodule;
				SWIFT_OPTIMIZATION_LEVEL = "-O";
				VALIDATE_PRODUCT = YES;
			};
			name = Release;
		};
		F58A844D27448F1E0062420A /* Debug */ = {
			isa = XCBuildConfiguration;
			buildSettings = {
				ASSETCATALOG_COMPILER_APPICON_NAME = AppIcon;
				ASSETCATALOG_COMPILER_GLOBAL_ACCENT_COLOR_NAME = AccentColor;
				CODE_SIGN_STYLE = Automatic;
				CURRENT_PROJECT_VERSION = 1;
				DEVELOPMENT_ASSET_PATHS = "\"Appetizers/Preview Content\"";
				DEVELOPMENT_TEAM = 8GYH8TXH77;
				ENABLE_PREVIEWS = YES;
				GENERATE_INFOPLIST_FILE = YES;
				INFOPLIST_KEY_UIApplicationSceneManifest_Generation = YES;
				INFOPLIST_KEY_UIApplicationSupportsIndirectInputEvents = YES;
				INFOPLIST_KEY_UILaunchScreen_Generation = YES;
				INFOPLIST_KEY_UISupportedInterfaceOrientations_iPad = "UIInterfaceOrientationPortrait UIInterfaceOrientationPortraitUpsideDown UIInterfaceOrientationLandscapeLeft UIInterfaceOrientationLandscapeRight";
				INFOPLIST_KEY_UISupportedInterfaceOrientations_iPhone = "UIInterfaceOrientationPortrait UIInterfaceOrientationLandscapeLeft UIInterfaceOrientationLandscapeRight";
				LD_RUNPATH_SEARCH_PATHS = (
					"$(inherited)",
					"@executable_path/Frameworks",
				);
				MARKETING_VERSION = 1.0;
				PRODUCT_BUNDLE_IDENTIFIER = VApps.Appetizers;
				PRODUCT_NAME = "$(TARGET_NAME)";
				SWIFT_EMIT_LOC_STRINGS = YES;
				SWIFT_VERSION = 5.0;
				TARGETED_DEVICE_FAMILY = "1,2";
			};
			name = Debug;
		};
		F58A844E27448F1E0062420A /* Release */ = {
			isa = XCBuildConfiguration;
			buildSettings = {
				ASSETCATALOG_COMPILER_APPICON_NAME = AppIcon;
				ASSETCATALOG_COMPILER_GLOBAL_ACCENT_COLOR_NAME = AccentColor;
				CODE_SIGN_STYLE = Automatic;
				CURRENT_PROJECT_VERSION = 1;
				DEVELOPMENT_ASSET_PATHS = "\"Appetizers/Preview Content\"";
				DEVELOPMENT_TEAM = 8GYH8TXH77;
				ENABLE_PREVIEWS = YES;
				GENERATE_INFOPLIST_FILE = YES;
				INFOPLIST_KEY_UIApplicationSceneManifest_Generation = YES;
				INFOPLIST_KEY_UIApplicationSupportsIndirectInputEvents = YES;
				INFOPLIST_KEY_UILaunchScreen_Generation = YES;
				INFOPLIST_KEY_UISupportedInterfaceOrientations_iPad = "UIInterfaceOrientationPortrait UIInterfaceOrientationPortraitUpsideDown UIInterfaceOrientationLandscapeLeft UIInterfaceOrientationLandscapeRight";
				INFOPLIST_KEY_UISupportedInterfaceOrientations_iPhone = "UIInterfaceOrientationPortrait UIInterfaceOrientationLandscapeLeft UIInterfaceOrientationLandscapeRight";
				LD_RUNPATH_SEARCH_PATHS = (
					"$(inherited)",
					"@executable_path/Frameworks",
				);
				MARKETING_VERSION = 1.0;
				PRODUCT_BUNDLE_IDENTIFIER = VApps.Appetizers;
				PRODUCT_NAME = "$(TARGET_NAME)";
				SWIFT_EMIT_LOC_STRINGS = YES;
				SWIFT_VERSION = 5.0;
				TARGETED_DEVICE_FAMILY = "1,2";
			};
			name = Release;
		};
/* End XCBuildConfiguration section */

/* Begin XCConfigurationList section */
		F58A843927448F1C0062420A /* Build configuration list for PBXProject "Appetizers" */ = {
			isa = XCConfigurationList;
			buildConfigurations = (
				F58A844A27448F1E0062420A /* Debug */,
				F58A844B27448F1E0062420A /* Release */,
			);
			defaultConfigurationIsVisible = 0;
			defaultConfigurationName = Release;
		};
		F58A844C27448F1E0062420A /* Build configuration list for PBXNativeTarget "Appetizers" */ = {
			isa = XCConfigurationList;
			buildConfigurations = (
				F58A844D27448F1E0062420A /* Debug */,
				F58A844E27448F1E0062420A /* Release */,
			);
			defaultConfigurationIsVisible = 0;
			defaultConfigurationName = Release;
		};
/* End XCConfigurationList section */
	};
	rootObject = F58A843627448F1C0062420A /* Project object */;
}
